// !$*UTF8*$!
{
	archiveVersion = 1;
	classes = {
	};
	objectVersion = 48;
	objects = {

/* Begin PBXBuildFile section */
		FFF1C6BD2032E3BB0037D5DA /* AppDelegate.swift in Sources */ = {isa = PBXBuildFile; fileRef = FFF1C6BC2032E3BB0037D5DA /* AppDelegate.swift */; };
		FFF1C6BF2032E3BB0037D5DA /* ViewController.swift in Sources */ = {isa = PBXBuildFile; fileRef = FFF1C6BE2032E3BB0037D5DA /* ViewController.swift */; };
		FFF1C6C22032E3BB0037D5DA /* Main.storyboard in Resources */ = {isa = PBXBuildFile; fileRef = FFF1C6C02032E3BB0037D5DA /* Main.storyboard */; };
		FFF1C6C42032E3BB0037D5DA /* Assets.xcassets in Resources */ = {isa = PBXBuildFile; fileRef = FFF1C6C32032E3BB0037D5DA /* Assets.xcassets */; };
		FFF1C6C72032E3BB0037D5DA /* LaunchScreen.storyboard in Resources */ = {isa = PBXBuildFile; fileRef = FFF1C6C52032E3BB0037D5DA /* LaunchScreen.storyboard */; };
		FFF1C6D22032E3BB0037D5DA /* NetworkLayerTests.swift in Sources */ = {isa = PBXBuildFile; fileRef = FFF1C6D12032E3BB0037D5DA /* NetworkLayerTests.swift */; };
/* End PBXBuildFile section */

/* Begin PBXContainerItemProxy section */
		FFF1C6CE2032E3BB0037D5DA /* PBXContainerItemProxy */ = {
			isa = PBXContainerItemProxy;
			containerPortal = FFF1C6B12032E3BB0037D5DA /* Project object */;
			proxyType = 1;
			remoteGlobalIDString = FFF1C6B82032E3BB0037D5DA;
			remoteInfo = NetworkLayer;
		};
/* End PBXContainerItemProxy section */

/* Begin PBXFileReference section */
		FFF1C6B92032E3BB0037D5DA /* NetworkLayer.app */ = {isa = PBXFileReference; explicitFileType = wrapper.application; includeInIndex = 0; path = NetworkLayer.app; sourceTree = BUILT_PRODUCTS_DIR; };
		FFF1C6BC2032E3BB0037D5DA /* AppDelegate.swift */ = {isa = PBXFileReference; lastKnownFileType = sourcecode.swift; path = AppDelegate.swift; sourceTree = "<group>"; };
		FFF1C6BE2032E3BB0037D5DA /* ViewController.swift */ = {isa = PBXFileReference; lastKnownFileType = sourcecode.swift; path = ViewController.swift; sourceTree = "<group>"; };
		FFF1C6C12032E3BB0037D5DA /* Base */ = {isa = PBXFileReference; lastKnownFileType = file.storyboard; name = Base; path = Base.lproj/Main.storyboard; sourceTree = "<group>"; };
		FFF1C6C32032E3BB0037D5DA /* Assets.xcassets */ = {isa = PBXFileReference; lastKnownFileType = folder.assetcatalog; path = Assets.xcassets; sourceTree = "<group>"; };
		FFF1C6C62032E3BB0037D5DA /* Base */ = {isa = PBXFileReference; lastKnownFileType = file.storyboard; name = Base; path = Base.lproj/LaunchScreen.storyboard; sourceTree = "<group>"; };
		FFF1C6C82032E3BB0037D5DA /* Info.plist */ = {isa = PBXFileReference; lastKnownFileType = text.plist.xml; path = Info.plist; sourceTree = "<group>"; };
		FFF1C6CD2032E3BB0037D5DA /* NetworkLayerTests.xctest */ = {isa = PBXFileReference; explicitFileType = wrapper.cfbundle; includeInIndex = 0; path = NetworkLayerTests.xctest; sourceTree = BUILT_PRODUCTS_DIR; };
		FFF1C6D12032E3BB0037D5DA /* NetworkLayerTests.swift */ = {isa = PBXFileReference; lastKnownFileType = sourcecode.swift; path = NetworkLayerTests.swift; sourceTree = "<group>"; };
		FFF1C6D32032E3BB0037D5DA /* Info.plist */ = {isa = PBXFileReference; lastKnownFileType = text.plist.xml; path = Info.plist; sourceTree = "<group>"; };
/* End PBXFileReference section */

/* Begin PBXFrameworksBuildPhase section */
		FFF1C6B62032E3BB0037D5DA /* Frameworks */ = {
			isa = PBXFrameworksBuildPhase;
			buildActionMask = 2147483647;
			files = (
			);
			runOnlyForDeploymentPostprocessing = 0;
		};
		FFF1C6CA2032E3BB0037D5DA /* Frameworks */ = {
			isa = PBXFrameworksBuildPhase;
			buildActionMask = 2147483647;
			files = (
			);
			runOnlyForDeploymentPostprocessing = 0;
		};
/* End PBXFrameworksBuildPhase section */

/* Begin PBXGroup section */
		FFF1C6B02032E3BB0037D5DA = {
			isa = PBXGroup;
			children = (
				FFF1C6BB2032E3BB0037D5DA /* NetworkLayer */,
				FFF1C6D02032E3BB0037D5DA /* NetworkLayerTests */,
				FFF1C6BA2032E3BB0037D5DA /* Products */,
			);
			sourceTree = "<group>";
		};
		FFF1C6BA2032E3BB0037D5DA /* Products */ = {
			isa = PBXGroup;
			children = (
				FFF1C6B92032E3BB0037D5DA /* NetworkLayer.app */,
				FFF1C6CD2032E3BB0037D5DA /* NetworkLayerTests.xctest */,
			);
			name = Products;
			sourceTree = "<group>";
		};
		FFF1C6BB2032E3BB0037D5DA /* NetworkLayer */ = {
			isa = PBXGroup;
			children = (
				FFF1C6BC2032E3BB0037D5DA /* AppDelegate.swift */,
				FFF1C6BE2032E3BB0037D5DA /* ViewController.swift */,
				FFF1C6C02032E3BB0037D5DA /* Main.storyboard */,
				FFF1C6C32032E3BB0037D5DA /* Assets.xcassets */,
				FFF1C6C52032E3BB0037D5DA /* LaunchScreen.storyboard */,
				FFF1C6C82032E3BB0037D5DA /* Info.plist */,
			);
			path = NetworkLayer;
			sourceTree = "<group>";
		};
		FFF1C6D02032E3BB0037D5DA /* NetworkLayerTests */ = {
			isa = PBXGroup;
			children = (
				FFF1C6D12032E3BB0037D5DA /* NetworkLayerTests.swift */,
				FFF1C6D32032E3BB0037D5DA /* Info.plist */,
			);
			path = NetworkLayerTests;
			sourceTree = "<group>";
		};
/* End PBXGroup section */

/* Begin PBXNativeTarget section */
		FFF1C6B82032E3BB0037D5DA /* NetworkLayer */ = {
			isa = PBXNativeTarget;
			buildConfigurationList = FFF1C6D62032E3BB0037D5DA /* Build configuration list for PBXNativeTarget "NetworkLayer" */;
			buildPhases = (
				FFF1C6B52032E3BB0037D5DA /* Sources */,
				FFF1C6B62032E3BB0037D5DA /* Frameworks */,
				FFF1C6B72032E3BB0037D5DA /* Resources */,
			);
			buildRules = (
			);
			dependencies = (
			);
			name = NetworkLayer;
			productName = NetworkLayer;
			productReference = FFF1C6B92032E3BB0037D5DA /* NetworkLayer.app */;
			productType = "com.apple.product-type.application";
		};
		FFF1C6CC2032E3BB0037D5DA /* NetworkLayerTests */ = {
			isa = PBXNativeTarget;
			buildConfigurationList = FFF1C6D92032E3BB0037D5DA /* Build configuration list for PBXNativeTarget "NetworkLayerTests" */;
			buildPhases = (
				FFF1C6C92032E3BB0037D5DA /* Sources */,
				FFF1C6CA2032E3BB0037D5DA /* Frameworks */,
				FFF1C6CB2032E3BB0037D5DA /* Resources */,
			);
			buildRules = (
			);
			dependencies = (
				FFF1C6CF2032E3BB0037D5DA /* PBXTargetDependency */,
			);
			name = NetworkLayerTests;
			productName = NetworkLayerTests;
			productReference = FFF1C6CD2032E3BB0037D5DA /* NetworkLayerTests.xctest */;
			productType = "com.apple.product-type.bundle.unit-test";
		};
/* End PBXNativeTarget section */

/* Begin PBXProject section */
		FFF1C6B12032E3BB0037D5DA /* Project object */ = {
			isa = PBXProject;
			attributes = {
				LastSwiftUpdateCheck = 0920;
				LastUpgradeCheck = 0920;
				ORGANIZATIONNAME = ezpay;
				TargetAttributes = {
					FFF1C6B82032E3BB0037D5DA = {
						CreatedOnToolsVersion = 9.2;
						ProvisioningStyle = Automatic;
					};
					FFF1C6CC2032E3BB0037D5DA = {
						CreatedOnToolsVersion = 9.2;
						ProvisioningStyle = Automatic;
						TestTargetID = FFF1C6B82032E3BB0037D5DA;
					};
				};
			};
			buildConfigurationList = FFF1C6B42032E3BB0037D5DA /* Build configuration list for PBXProject "NetworkLayer" */;
			compatibilityVersion = "Xcode 8.0";
			developmentRegion = en;
			hasScannedForEncodings = 0;
			knownRegions = (
				en,
				Base,
			);
			mainGroup = FFF1C6B02032E3BB0037D5DA;
			productRefGroup = FFF1C6BA2032E3BB0037D5DA /* Products */;
			projectDirPath = "";
			projectRoot = "";
			targets = (
				FFF1C6B82032E3BB0037D5DA /* NetworkLayer */,
				FFF1C6CC2032E3BB0037D5DA /* NetworkLayerTests */,
			);
		};
/* End PBXProject section */

/* Begin PBXResourcesBuildPhase section */
		FFF1C6B72032E3BB0037D5DA /* Resources */ = {
			isa = PBXResourcesBuildPhase;
			buildActionMask = 2147483647;
			files = (
				FFF1C6C72032E3BB0037D5DA /* LaunchScreen.storyboard in Resources */,
				FFF1C6C42032E3BB0037D5DA /* Assets.xcassets in Resources */,
				FFF1C6C22032E3BB0037D5DA /* Main.storyboard in Resources */,
			);
			runOnlyForDeploymentPostprocessing = 0;
		};
		FFF1C6CB2032E3BB0037D5DA /* Resources */ = {
			isa = PBXResourcesBuildPhase;
			buildActionMask = 2147483647;
			files = (
			);
			runOnlyForDeploymentPostprocessing = 0;
		};
/* End PBXResourcesBuildPhase section */

/* Begin PBXSourcesBuildPhase section */
		FFF1C6B52032E3BB0037D5DA /* Sources */ = {
			isa = PBXSourcesBuildPhase;
			buildActionMask = 2147483647;
			files = (
				FFF1C6BF2032E3BB0037D5DA /* ViewController.swift in Sources */,
				FFF1C6BD2032E3BB0037D5DA /* AppDelegate.swift in Sources */,
			);
			runOnlyForDeploymentPostprocessing = 0;
		};
		FFF1C6C92032E3BB0037D5DA /* Sources */ = {
			isa = PBXSourcesBuildPhase;
			buildActionMask = 2147483647;
			files = (
				FFF1C6D22032E3BB0037D5DA /* NetworkLayerTests.swift in Sources */,
			);
			runOnlyForDeploymentPostprocessing = 0;
		};
/* End PBXSourcesBuildPhase section */

/* Begin PBXTargetDependency section */
		FFF1C6CF2032E3BB0037D5DA /* PBXTargetDependency */ = {
			isa = PBXTargetDependency;
			target = FFF1C6B82032E3BB0037D5DA /* NetworkLayer */;
			targetProxy = FFF1C6CE2032E3BB0037D5DA /* PBXContainerItemProxy */;
		};
/* End PBXTargetDependency section */

/* Begin PBXVariantGroup section */
		FFF1C6C02032E3BB0037D5DA /* Main.storyboard */ = {
			isa = PBXVariantGroup;
			children = (
				FFF1C6C12032E3BB0037D5DA /* Base */,
			);
			name = Main.storyboard;
			sourceTree = "<group>";
		};
		FFF1C6C52032E3BB0037D5DA /* LaunchScreen.storyboard */ = {
			isa = PBXVariantGroup;
			children = (
				FFF1C6C62032E3BB0037D5DA /* Base */,
			);
			name = LaunchScreen.storyboard;
			sourceTree = "<group>";
		};
/* End PBXVariantGroup section */

/* Begin XCBuildConfiguration section */
		FFF1C6D42032E3BB0037D5DA /* Debug */ = {
			isa = XCBuildConfiguration;
			buildSettings = {
				ALWAYS_SEARCH_USER_PATHS = NO;
				CLANG_ANALYZER_NONNULL = YES;
				CLANG_ANALYZER_NUMBER_OBJECT_CONVERSION = YES_AGGRESSIVE;
				CLANG_CXX_LANGUAGE_STANDARD = "gnu++14";
				CLANG_CXX_LIBRARY = "libc++";
				CLANG_ENABLE_MODULES = YES;
				CLANG_ENABLE_OBJC_ARC = YES;
				CLANG_WARN_BLOCK_CAPTURE_AUTORELEASING = YES;
				CLANG_WARN_BOOL_CONVERSION = YES;
				CLANG_WARN_COMMA = YES;
				CLANG_WARN_CONSTANT_CONVERSION = YES;
				CLANG_WARN_DIRECT_OBJC_ISA_USAGE = YES_ERROR;
				CLANG_WARN_DOCUMENTATION_COMMENTS = YES;
				CLANG_WARN_EMPTY_BODY = YES;
				CLANG_WARN_ENUM_CONVERSION = YES;
				CLANG_WARN_INFINITE_RECURSION = YES;
				CLANG_WARN_INT_CONVERSION = YES;
				CLANG_WARN_NON_LITERAL_NULL_CONVERSION = YES;
				CLANG_WARN_OBJC_LITERAL_CONVERSION = YES;
				CLANG_WARN_OBJC_ROOT_CLASS = YES_ERROR;
				CLANG_WARN_RANGE_LOOP_ANALYSIS = YES;
				CLANG_WARN_STRICT_PROTOTYPES = YES;
				CLANG_WARN_SUSPICIOUS_MOVE = YES;
				CLANG_WARN_UNGUARDED_AVAILABILITY = YES_AGGRESSIVE;
				CLANG_WARN_UNREACHABLE_CODE = YES;
				CLANG_WARN__DUPLICATE_METHOD_MATCH = YES;
				CODE_SIGN_IDENTITY = "iPhone Developer";
				COPY_PHASE_STRIP = NO;
				DEBUG_INFORMATION_FORMAT = dwarf;
				ENABLE_STRICT_OBJC_MSGSEND = YES;
				ENABLE_TESTABILITY = YES;
				GCC_C_LANGUAGE_STANDARD = gnu11;
				GCC_DYNAMIC_NO_PIC = NO;
				GCC_NO_COMMON_BLOCKS = YES;
				GCC_OPTIMIZATION_LEVEL = 0;
				GCC_PREPROCESSOR_DEFINITIONS = (
					"DEBUG=1",
					"$(inherited)",
				);
				GCC_WARN_64_TO_32_BIT_CONVERSION = YES;
				GCC_WARN_ABOUT_RETURN_TYPE = YES_ERROR;
				GCC_WARN_UNDECLARED_SELECTOR = YES;
				GCC_WARN_UNINITIALIZED_AUTOS = YES_AGGRESSIVE;
				GCC_WARN_UNUSED_FUNCTION = YES;
				GCC_WARN_UNUSED_VARIABLE = YES;
				IPHONEOS_DEPLOYMENT_TARGET = 11.2;
				MTL_ENABLE_DEBUG_INFO = YES;
				ONLY_ACTIVE_ARCH = YES;
				SDKROOT = iphoneos;
				SWIFT_ACTIVE_COMPILATION_CONDITIONS = DEBUG;
				SWIFT_OPTIMIZATION_LEVEL = "-Onone";
			};
			name = Debug;
		};
		FFF1C6D52032E3BB0037D5DA /* Release */ = {
			isa = XCBuildConfiguration;
			buildSettings = {
				ALWAYS_SEARCH_USER_PATHS = NO;
				CLANG_ANALYZER_NONNULL = YES;
				CLANG_ANALYZER_NUMBER_OBJECT_CONVERSION = YES_AGGRESSIVE;
				CLANG_CXX_LANGUAGE_STANDARD = "gnu++14";
				CLANG_CXX_LIBRARY = "libc++";
				CLANG_ENABLE_MODULES = YES;
				CLANG_ENABLE_OBJC_ARC = YES;
				CLANG_WARN_BLOCK_CAPTURE_AUTORELEASING = YES;
				CLANG_WARN_BOOL_CONVERSION = YES;
				CLANG_WARN_COMMA = YES;
				CLANG_WARN_CONSTANT_CONVERSION = YES;
				CLANG_WARN_DIRECT_OBJC_ISA_USAGE = YES_ERROR;
				CLANG_WARN_DOCUMENTATION_COMMENTS = YES;
				CLANG_WARN_EMPTY_BODY = YES;
				CLANG_WARN_ENUM_CONVERSION = YES;
				CLANG_WARN_INFINITE_RECURSION = YES;
				CLANG_WARN_INT_CONVERSION = YES;
				CLANG_WARN_NON_LITERAL_NULL_CONVERSION = YES;
				CLANG_WARN_OBJC_LITERAL_CONVERSION = YES;
				CLANG_WARN_OBJC_ROOT_CLASS = YES_ERROR;
				CLANG_WARN_RANGE_LOOP_ANALYSIS = YES;
				CLANG_WARN_STRICT_PROTOTYPES = YES;
				CLANG_WARN_SUSPICIOUS_MOVE = YES;
				CLANG_WARN_UNGUARDED_AVAILABILITY = YES_AGGRESSIVE;
				CLANG_WARN_UNREACHABLE_CODE = YES;
				CLANG_WARN__DUPLICATE_METHOD_MATCH = YES;
				CODE_SIGN_IDENTITY = "iPhone Developer";
				COPY_PHASE_STRIP = NO;
				DEBUG_INFORMATION_FORMAT = "dwarf-with-dsym";
				ENABLE_NS_ASSERTIONS = NO;
				ENABLE_STRICT_OBJC_MSGSEND = YES;
				GCC_C_LANGUAGE_STANDARD = gnu11;
				GCC_NO_COMMON_BLOCKS = YES;
				GCC_WARN_64_TO_32_BIT_CONVERSION = YES;
				GCC_WARN_ABOUT_RETURN_TYPE = YES_ERROR;
				GCC_WARN_UNDECLARED_SELECTOR = YES;
				GCC_WARN_UNINITIALIZED_AUTOS = YES_AGGRESSIVE;
				GCC_WARN_UNUSED_FUNCTION = YES;
				GCC_WARN_UNUSED_VARIABLE = YES;
				IPHONEOS_DEPLOYMENT_TARGET = 11.2;
				MTL_ENABLE_DEBUG_INFO = NO;
				SDKROOT = iphoneos;
				SWIFT_OPTIMIZATION_LEVEL = "-Owholemodule";
				VALIDATE_PRODUCT = YES;
			};
			name = Release;
		};
		FFF1C6D72032E3BB0037D5DA /* Debug */ = {
			isa = XCBuildConfiguration;
			buildSettings = {
				ASSETCATALOG_COMPILER_APPICON_NAME = AppIcon;
				CODE_SIGN_STYLE = Automatic;
				DEVELOPMENT_TEAM = PF8GRVW3G8;
				INFOPLIST_FILE = NetworkLayer/Info.plist;
				LD_RUNPATH_SEARCH_PATHS = "$(inherited) @executable_path/Frameworks";
				PRODUCT_BUNDLE_IDENTIFIER = com.ezpay.NetworkLayer;
				PRODUCT_NAME = "$(TARGET_NAME)";
				SWIFT_VERSION = 4.0;
				TARGETED_DEVICE_FAMILY = "1,2";
			};
			name = Debug;
		};
		FFF1C6D82032E3BB0037D5DA /* Release */ = {
			isa = XCBuildConfiguration;
			buildSettings = {
				ASSETCATALOG_COMPILER_APPICON_NAME = AppIcon;
				CODE_SIGN_STYLE = Automatic;
				DEVELOPMENT_TEAM = PF8GRVW3G8;
				INFOPLIST_FILE = NetworkLayer/Info.plist;
				LD_RUNPATH_SEARCH_PATHS = "$(inherited) @executable_path/Frameworks";
				PRODUCT_BUNDLE_IDENTIFIER = com.ezpay.NetworkLayer;
				PRODUCT_NAME = "$(TARGET_NAME)";
				SWIFT_VERSION = 4.0;
				TARGETED_DEVICE_FAMILY = "1,2";
			};
			name = Release;
		};
		FFF1C6DA2032E3BB0037D5DA /* Debug */ = {
			isa = XCBuildConfiguration;
			buildSettings = {
				ALWAYS_EMBED_SWIFT_STANDARD_LIBRARIES = YES;
				BUNDLE_LOADER = "$(TEST_HOST)";
				CODE_SIGN_STYLE = Automatic;
				DEVELOPMENT_TEAM = PF8GRVW3G8;
				INFOPLIST_FILE = NetworkLayerTests/Info.plist;
				LD_RUNPATH_SEARCH_PATHS = "$(inherited) @executable_path/Frameworks @loader_path/Frameworks";
				PRODUCT_BUNDLE_IDENTIFIER = com.ezpay.NetworkLayerTests;
				PRODUCT_NAME = "$(TARGET_NAME)";
				SWIFT_VERSION = 4.0;
				TARGETED_DEVICE_FAMILY = "1,2";
				TEST_HOST = "$(BUILT_PRODUCTS_DIR)/NetworkLayer.app/NetworkLayer";
			};
			name = Debug;
		};
		FFF1C6DB2032E3BB0037D5DA /* Release */ = {
			isa = XCBuildConfiguration;
			buildSettings = {
				ALWAYS_EMBED_SWIFT_STANDARD_LIBRARIES = YES;
				BUNDLE_LOADER = "$(TEST_HOST)";
				CODE_SIGN_STYLE = Automatic;
				DEVELOPMENT_TEAM = PF8GRVW3G8;
				INFOPLIST_FILE = NetworkLayerTests/Info.plist;
				LD_RUNPATH_SEARCH_PATHS = "$(inherited) @executable_path/Frameworks @loader_path/Frameworks";
				PRODUCT_BUNDLE_IDENTIFIER = com.ezpay.NetworkLayerTests;
				PRODUCT_NAME = "$(TARGET_NAME)";
				SWIFT_VERSION = 4.0;
				TARGETED_DEVICE_FAMILY = "1,2";
				TEST_HOST = "$(BUILT_PRODUCTS_DIR)/NetworkLayer.app/NetworkLayer";
			};
			name = Release;
		};
/* End XCBuildConfiguration section */

/* Begin XCConfigurationList section */
		FFF1C6B42032E3BB0037D5DA /* Build configuration list for PBXProject "NetworkLayer" */ = {
			isa = XCConfigurationList;
			buildConfigurations = (
				FFF1C6D42032E3BB0037D5DA /* Debug */,
				FFF1C6D52032E3BB0037D5DA /* Release */,
			);
			defaultConfigurationIsVisible = 0;
			defaultConfigurationName = Release;
		};
		FFF1C6D62032E3BB0037D5DA /* Build configuration list for PBXNativeTarget "NetworkLayer" */ = {
			isa = XCConfigurationList;
			buildConfigurations = (
				FFF1C6D72032E3BB0037D5DA /* Debug */,
				FFF1C6D82032E3BB0037D5DA /* Release */,
			);
			defaultConfigurationIsVisible = 0;
			defaultConfigurationName = Release;
		};
		FFF1C6D92032E3BB0037D5DA /* Build configuration list for PBXNativeTarget "NetworkLayerTests" */ = {
			isa = XCConfigurationList;
			buildConfigurations = (
				FFF1C6DA2032E3BB0037D5DA /* Debug */,
				FFF1C6DB2032E3BB0037D5DA /* Release */,
			);
			defaultConfigurationIsVisible = 0;
			defaultConfigurationName = Release;
		};
/* End XCConfigurationList section */
	};
	rootObject = FFF1C6B12032E3BB0037D5DA /* Project object */;
}
